
Microsoft Visual Studio Solution File, Format Version 11.00
# Visual Studio 2010
Project("{FAE04EC0-301F-11D3-BF4B-00C04F79EFBC}") = "Example.Common", "Example.Common.csproj", "{07303D3E-B118-4C52-AD23-EC353C07EC66}"
EndProject
Project("{2150E333-8FDC-42A3-9474-1A3956D46DE8}") = "Test", "Test", "{3433C585-FA32-4982-B08E-B2C89B29332E}"
EndProject
Project("{FAE04EC0-301F-11D3-BF4B-00C04F79EFBC}") = "Example.Common.Test", "Example.Common.Test\Example.Common.Test.csproj", "{9AE6BD3D-B3ED-4E4F-AECA-CB23592511A5}"
EndProject
Global
	GlobalSection(SolutionConfigurationPlatforms) = preSolution
		Debug|Any CPU = Debug|Any CPU
		Release|Any CPU = Release|Any CPU
	EndGlobalSection
	GlobalSection(ProjectConfigurationPlatforms) = postSolution
		{07303D3E-B118-4C52-AD23-EC353C07EC66}.Debug|Any CPU.ActiveCfg = Debug|Any CPU
		{07303D3E-B118-4C52-AD23-EC353C07EC66}.Debug|Any CPU.Build.0 = Debug|Any CPU
		{07303D3E-B118-4C52-AD23-EC353C07EC66}.Release|Any CPU.ActiveCfg = Release|Any CPU
		{07303D3E-B118-4C52-AD23-EC353C07EC66}.Release|Any CPU.Build.0 = Release|Any CPU
		{9AE6BD3D-B3ED-4E4F-AECA-CB23592511A5}.Debug|Any CPU.ActiveCfg = Debug|Any CPU
		{9AE6BD3D-B3ED-4E4F-AECA-CB23592511A5}.Debug|Any CPU.Build.0 = Debug|Any CPU
		{9AE6BD3D-B3ED-4E4F-AECA-CB23592511A5}.Release|Any CPU.ActiveCfg = Release|Any CPU
		{9AE6BD3D-B3ED-4E4F-AECA-CB23592511A5}.Release|Any CPU.Build.0 = Release|Any CPU
	EndGlobalSection
	GlobalSection(NestedProjects) = preSolution
		{9AE6BD3D-B3ED-4E4F-AECA-CB23592511A5} = {3433C585-FA32-4982-B08E-B2C89B29332E}
	EndGlobalSection
	GlobalSection(MonoDevelopProperties) = preSolution
		StartupItem = Example.Common.csproj
	EndGlobalSection
EndGlobal
