
Microsoft Visual Studio Solution File, Format Version 11.00
# Visual Studio 2010
Project("{FAE04EC0-301F-11D3-BF4B-00C04F79EFBC}") = "Example.iOS", "Example.iOS\Example.iOS.csproj", "{56527F9F-17B0-4CE4-BF6F-2C44CBDEA729}"
EndProject
Project("{FAE04EC0-301F-11D3-BF4B-00C04F79EFBC}") = "Example.Common", "..\Example.Common\Example.Common.csproj", "{07303D3E-B118-4C52-AD23-EC353C07EC66}"
EndProject
Global
	GlobalSection(SolutionConfigurationPlatforms) = preSolution
		Debug|iPhoneSimulator = Debug|iPhoneSimulator
		Release|iPhoneSimulator = Release|iPhoneSimulator
		Debug|iPhone = Debug|iPhone
		Release|iPhone = Release|iPhone
		Ad-Hoc|iPhone = Ad-Hoc|iPhone
		AppStore|iPhone = AppStore|iPhone
	EndGlobalSection
	GlobalSection(ProjectConfigurationPlatforms) = postSolution
		{07303D3E-B118-4C52-AD23-EC353C07EC66}.Ad-Hoc|iPhone.ActiveCfg = Release|Any CPU
		{07303D3E-B118-4C52-AD23-EC353C07EC66}.Ad-Hoc|iPhone.Build.0 = Release|Any CPU
		{07303D3E-B118-4C52-AD23-EC353C07EC66}.AppStore|iPhone.ActiveCfg = Release|Any CPU
		{07303D3E-B118-4C52-AD23-EC353C07EC66}.AppStore|iPhone.Build.0 = Release|Any CPU
		{07303D3E-B118-4C52-AD23-EC353C07EC66}.Debug|iPhone.ActiveCfg = Debug|Any CPU
		{07303D3E-B118-4C52-AD23-EC353C07EC66}.Debug|iPhone.Build.0 = Debug|Any CPU
		{07303D3E-B118-4C52-AD23-EC353C07EC66}.Debug|iPhoneSimulator.ActiveCfg = Debug|Any CPU
		{07303D3E-B118-4C52-AD23-EC353C07EC66}.Debug|iPhoneSimulator.Build.0 = Debug|Any CPU
		{07303D3E-B118-4C52-AD23-EC353C07EC66}.Release|iPhone.ActiveCfg = Release|Any CPU
		{07303D3E-B118-4C52-AD23-EC353C07EC66}.Release|iPhone.Build.0 = Release|Any CPU
		{07303D3E-B118-4C52-AD23-EC353C07EC66}.Release|iPhoneSimulator.ActiveCfg = Release|Any CPU
		{07303D3E-B118-4C52-AD23-EC353C07EC66}.Release|iPhoneSimulator.Build.0 = Release|Any CPU
		{56527F9F-17B0-4CE4-BF6F-2C44CBDEA729}.Ad-Hoc|iPhone.ActiveCfg = Ad-Hoc|iPhone
		{56527F9F-17B0-4CE4-BF6F-2C44CBDEA729}.Ad-Hoc|iPhone.Build.0 = Ad-Hoc|iPhone
		{56527F9F-17B0-4CE4-BF6F-2C44CBDEA729}.AppStore|iPhone.ActiveCfg = AppStore|iPhone
		{56527F9F-17B0-4CE4-BF6F-2C44CBDEA729}.AppStore|iPhone.Build.0 = AppStore|iPhone
		{56527F9F-17B0-4CE4-BF6F-2C44CBDEA729}.Debug|iPhone.ActiveCfg = Debug|iPhone
		{56527F9F-17B0-4CE4-BF6F-2C44CBDEA729}.Debug|iPhone.Build.0 = Debug|iPhone
		{56527F9F-17B0-4CE4-BF6F-2C44CBDEA729}.Debug|iPhoneSimulator.ActiveCfg = Debug|iPhoneSimulator
		{56527F9F-17B0-4CE4-BF6F-2C44CBDEA729}.Debug|iPhoneSimulator.Build.0 = Debug|iPhoneSimulator
		{56527F9F-17B0-4CE4-BF6F-2C44CBDEA729}.Release|iPhone.ActiveCfg = Release|iPhone
		{56527F9F-17B0-4CE4-BF6F-2C44CBDEA729}.Release|iPhone.Build.0 = Release|iPhone
		{56527F9F-17B0-4CE4-BF6F-2C44CBDEA729}.Release|iPhoneSimulator.ActiveCfg = Release|iPhoneSimulator
		{56527F9F-17B0-4CE4-BF6F-2C44CBDEA729}.Release|iPhoneSimulator.Build.0 = Release|iPhoneSimulator
	EndGlobalSection
	GlobalSection(MonoDevelopProperties) = preSolution
		StartupItem = Example.iOS\Example.iOS.csproj
	EndGlobalSection
EndGlobal
